
Microsoft Visual Studio Solution File, Format Version 12.00
# Visual Studio 15
VisualStudioVersion = 15.0.26430.15
MinimumVisualStudioVersion = 10.0.40219.1
Project("{8BC9CEB8-8B4A-11D0-8D11-00A0C91BC942}") = "unittests", "unittests\unittests.vcxproj", "{577B0846-1FC7-4E91-A716-FE780191FA03}"
EndProject
Project("{2150E333-8FDC-42A3-9474-1A3956D46DE8}") = "include", "include", "{EDCE65B6-9C84-414F-8019-54872FE3D2CB}"
	ProjectSection(SolutionItems) = preProject
		include\lazy_gltf2.hpp = include\lazy_gltf2.hpp
	EndProjectSection
EndProject
Global
	GlobalSection(SolutionConfigurationPlatforms) = preSolution
		Debug|x64 = Debug|x64
		Release|x64 = Release|x64
	EndGlobalSection
	GlobalSection(ProjectConfigurationPlatforms) = postSolution
		{577B0846-1FC7-4E91-A716-FE780191FA03}.Debug|x64.ActiveCfg = Debug|x64
		{577B0846-1FC7-4E91-A716-FE780191FA03}.Debug|x64.Build.0 = Debug|x64
		{577B0846-1FC7-4E91-A716-FE780191FA03}.Release|x64.ActiveCfg = Release|x64
		{577B0846-1FC7-4E91-A716-FE780191FA03}.Release|x64.Build.0 = Release|x64
	EndGlobalSection
	GlobalSection(SolutionProperties) = preSolution
		HideSolutionNode = FALSE
	EndGlobalSection
EndGlobal
