<?xml version="1.0" encoding="utf-8"?>
<Project ToolsVersion="4.0" xmlns="http://schemas.microsoft.com/developer/msbuild/2003">
  <ItemGroup>
    <Filter Include="src">
      <UniqueIdentifier>{4edf61f9-0828-436d-b82b-765975f359ce}</UniqueIdentifier>
    </Filter>
  </ItemGroup>
  <ItemGroup>
    <ClInclude Include="src\common.hpp">
      <Filter>src</Filter>
    </ClInclude>
  </ItemGroup>
  <ItemGroup>
    <ClCompile Include="src\main_tests.cpp">
      <Filter>src</Filter>
    </ClCompile>
    <ClCompile Include="src\test_AnimatedMorphCube.cpp">
      <Filter>src</Filter>
    </ClCompile>
    <ClCompile Include="src\test_boombox.cpp">
      <Filter>src</Filter>
    </ClCompile>
    <ClCompile Include="src\test_box.cpp">
      <Filter>src</Filter>
    </ClCompile>
    <ClCompile Include="src\test_cameras.cpp">
      <Filter>src</Filter>
    </ClCompile>
    <ClCompile Include="src\test_lantern.cpp">
      <Filter>src</Filter>
    </ClCompile>
    <ClCompile Include="src\test_monster.cpp">
      <Filter>src</Filter>
    </ClCompile>
    <ClCompile Include="src\test_TwoSidedPlane.cpp">
      <Filter>src</Filter>
    </ClCompile>
    <ClCompile Include="src\test_strings.cpp">
      <Filter>src</Filter>
    </ClCompile>
  </ItemGroup>
</Project>